// !$*UTF8*$!
{
	archiveVersion = 1;
	classes = {
	};
	objectVersion = 46;
	objects = {

/* Begin PBXBuildFile section */
		3112B3411C7FA60600CE6438 /* FlowLayout.swift in Sources */ = {isa = PBXBuildFile; fileRef = 3112B3401C7FA60600CE6438 /* FlowLayout.swift */; };
		312A107D1C862B6400805059 /* CollectionView.swift in Sources */ = {isa = PBXBuildFile; fileRef = 312A107C1C862B6400805059 /* CollectionView.swift */; };
		312A107F1C864DEC00805059 /* LineView.swift in Sources */ = {isa = PBXBuildFile; fileRef = 312A107E1C864DEC00805059 /* LineView.swift */; };
		312A10811C8B292400805059 /* CopyButton.swift in Sources */ = {isa = PBXBuildFile; fileRef = 312A10801C8B292400805059 /* CopyButton.swift */; };
		313B65801D98368A002A90E7 /* ITLibrary+PCH.swift in Sources */ = {isa = PBXBuildFile; fileRef = 313B657F1D98368A002A90E7 /* ITLibrary+PCH.swift */; };
		313B65841D985C42002A90E7 /* RxOptional.framework in Embed Frameworks */ = {isa = PBXBuildFile; fileRef = 313B65831D985C42002A90E7 /* RxOptional.framework */; settings = {ATTRIBUTES = (CodeSignOnCopy, RemoveHeadersOnCopy, ); }; };
		313B65861D985C63002A90E7 /* RxOptional.framework.dSYM in Carthage Copy dSYM Files */ = {isa = PBXBuildFile; fileRef = 313B65851D985C63002A90E7 /* RxOptional.framework.dSYM */; };
		313B65881D99A669002A90E7 /* ObservableType+PCH.swift in Sources */ = {isa = PBXBuildFile; fileRef = 313B65871D99A669002A90E7 /* ObservableType+PCH.swift */; };
		314195471C73AF0C00268AFC /* Popover.swift in Sources */ = {isa = PBXBuildFile; fileRef = 314195461C73AF0C00268AFC /* Popover.swift */; };
		314195491C73AF1500268AFC /* PopoverWindow.swift in Sources */ = {isa = PBXBuildFile; fileRef = 314195481C73AF1500268AFC /* PopoverWindow.swift */; };
		3141954B1C73AF3400268AFC /* PopoverBackgroundView.swift in Sources */ = {isa = PBXBuildFile; fileRef = 3141954A1C73AF3400268AFC /* PopoverBackgroundView.swift */; };
		3141954D1C73DB7300268AFC /* PopoverAnimator.swift in Sources */ = {isa = PBXBuildFile; fileRef = 3141954C1C73DB7300268AFC /* PopoverAnimator.swift */; };
		3141954F1C73DDB400268AFC /* CAMediaTimingFunction+PCH.swift in Sources */ = {isa = PBXBuildFile; fileRef = 3141954E1C73DDB400268AFC /* CAMediaTimingFunction+PCH.swift */; };
		314195531C766D5900268AFC /* ChapterSizeCalculator.swift in Sources */ = {isa = PBXBuildFile; fileRef = 314195521C766D5900268AFC /* ChapterSizeCalculator.swift */; };
		315D38271C77841D0012CA1A /* NSView+PCH.swift in Sources */ = {isa = PBXBuildFile; fileRef = 315D38261C77841D0012CA1A /* NSView+PCH.swift */; };
		315D38291C778DD60012CA1A /* NSCollectionViewItem+PCH.swift in Sources */ = {isa = PBXBuildFile; fileRef = 315D38281C778DD60012CA1A /* NSCollectionViewItem+PCH.swift */; };
		315D382C1C78EFA90012CA1A /* NotificationCenter.swift in Sources */ = {isa = PBXBuildFile; fileRef = 315D382B1C78EFA90012CA1A /* NotificationCenter.swift */; };
		315D382E1C78EFBE0012CA1A /* Notification.swift in Sources */ = {isa = PBXBuildFile; fileRef = 315D382D1C78EFBE0012CA1A /* Notification.swift */; };
		315D38301C7906A20012CA1A /* NSUserNotificationBuilder.swift in Sources */ = {isa = PBXBuildFile; fileRef = 315D382F1C7906A20012CA1A /* NSUserNotificationBuilder.swift */; };
		315D38361C7918240012CA1A /* MultipleInstanceAlert.swift in Sources */ = {isa = PBXBuildFile; fileRef = 315D38351C7918240012CA1A /* MultipleInstanceAlert.swift */; };
		315D38381C79194D0012CA1A /* NSBundle+PCH.swift in Sources */ = {isa = PBXBuildFile; fileRef = 315D38371C79194D0012CA1A /* NSBundle+PCH.swift */; };
		315D383A1C791A5A0012CA1A /* NSRunningApplication+PCH.swift in Sources */ = {isa = PBXBuildFile; fileRef = 315D38391C791A5A0012CA1A /* NSRunningApplication+PCH.swift */; };
		315D383C1C7A637C0012CA1A /* StatusItemView.swift in Sources */ = {isa = PBXBuildFile; fileRef = 315D383B1C7A637C0012CA1A /* StatusItemView.swift */; };
		315D383E1C7A69A80012CA1A /* RightClickMenu.swift in Sources */ = {isa = PBXBuildFile; fileRef = 315D383D1C7A69A80012CA1A /* RightClickMenu.swift */; };
		315D38401C7A7C390012CA1A /* Notifications+PCH.swift in Sources */ = {isa = PBXBuildFile; fileRef = 315D383F1C7A7C390012CA1A /* Notifications+PCH.swift */; };
		315D38421C7BC3630012CA1A /* NSImage+PCH.swift in Sources */ = {isa = PBXBuildFile; fileRef = 315D38411C7BC3630012CA1A /* NSImage+PCH.swift */; };
		315D38451C7CDD660012CA1A /* OtherContentViewController.swift in Sources */ = {isa = PBXBuildFile; fileRef = 315D38431C7CDD660012CA1A /* OtherContentViewController.swift */; };
		315D38461C7CDD660012CA1A /* OtherContentViewController.xib in Resources */ = {isa = PBXBuildFile; fileRef = 315D38441C7CDD660012CA1A /* OtherContentViewController.xib */; };
		315D38481C7CDDF60012CA1A /* OtherContentViewModel.swift in Sources */ = {isa = PBXBuildFile; fileRef = 315D38471C7CDDF60012CA1A /* OtherContentViewModel.swift */; };
		315E7E221C6D327500C2A326 /* NSNumber+PCH.swift in Sources */ = {isa = PBXBuildFile; fileRef = 315E7E211C6D327500C2A326 /* NSNumber+PCH.swift */; };
		315E7E261C6D403F00C2A326 /* MNAVChapterReader.m in Sources */ = {isa = PBXBuildFile; fileRef = 315E7E251C6D403F00C2A326 /* MNAVChapterReader.m */; };
		315E7E281C6D40A700C2A326 /* AVFoundation.framework in Frameworks */ = {isa = PBXBuildFile; fileRef = 315E7E271C6D40A700C2A326 /* AVFoundation.framework */; };
		315E7E2A1C6D40BC00C2A326 /* CoreMedia.framework in Frameworks */ = {isa = PBXBuildFile; fileRef = 315E7E291C6D40BC00C2A326 /* CoreMedia.framework */; };
		315FD1671C9F5991001BF6E2 /* main.swift in Sources */ = {isa = PBXBuildFile; fileRef = 315FD1661C9F5991001BF6E2 /* main.swift */; };
		315FD17A1C9F6195001BF6E2 /* RxCocoa.framework in Frameworks */ = {isa = PBXBuildFile; fileRef = 31A468871C665486004858F5 /* RxCocoa.framework */; };
		315FD17B1C9F6195001BF6E2 /* RxSwift.framework in Frameworks */ = {isa = PBXBuildFile; fileRef = 31A468831C665481004858F5 /* RxSwift.framework */; };
		315FD1901C9F61DF001BF6E2 /* ContentCoordinatorTests.swift in Sources */ = {isa = PBXBuildFile; fileRef = 315FD17F1C9F61DF001BF6E2 /* ContentCoordinatorTests.swift */; };
		315FD1911C9F61DF001BF6E2 /* PodcastMonitorMock.swift in Sources */ = {isa = PBXBuildFile; fileRef = 315FD1821C9F61DF001BF6E2 /* PodcastMonitorMock.swift */; };
		315FD1921C9F61DF001BF6E2 /* PopoverMock.swift in Sources */ = {isa = PBXBuildFile; fileRef = 315FD1831C9F61DF001BF6E2 /* PopoverMock.swift */; };
		315FD1941C9F6734001BF6E2 /* StatusBarCoordinatorTests.swift in Sources */ = {isa = PBXBuildFile; fileRef = 315FD1931C9F6734001BF6E2 /* StatusBarCoordinatorTests.swift */; };
		315FD1961C9F6BE8001BF6E2 /* StatusBarItemMock.swift in Sources */ = {isa = PBXBuildFile; fileRef = 315FD1951C9F6BE8001BF6E2 /* StatusBarItemMock.swift */; };
		315FD1981C9F6C6E001BF6E2 /* NSApplicationMock.swift in Sources */ = {isa = PBXBuildFile; fileRef = 315FD1971C9F6C6E001BF6E2 /* NSApplicationMock.swift */; };
		315FD19A1CA08DA6001BF6E2 /* NSApplication+PCH.swift in Sources */ = {isa = PBXBuildFile; fileRef = 315FD1991CA08DA6001BF6E2 /* NSApplication+PCH.swift */; };
		315FD19C1CA09034001BF6E2 /* ChaptersViewModelTests.swift in Sources */ = {isa = PBXBuildFile; fileRef = 315FD19B1CA09034001BF6E2 /* ChaptersViewModelTests.swift */; };
		315FD1A01CA09470001BF6E2 /* PasteBoard.swift in Sources */ = {isa = PBXBuildFile; fileRef = 315FD19E1CA09470001BF6E2 /* PasteBoard.swift */; };
		315FD1A11CA09470001BF6E2 /* PasteBoardContentStripper.swift in Sources */ = {isa = PBXBuildFile; fileRef = 315FD19F1CA09470001BF6E2 /* PasteBoardContentStripper.swift */; };
		3176D4191C7D1A1200569BBF /* NSLayoutAnchor+PCH.swift in Sources */ = {isa = PBXBuildFile; fileRef = 3176D4181C7D1A1200569BBF /* NSLayoutAnchor+PCH.swift */; };
		317A61DC1C8CC806001695F0 /* SharedSettings.swift in Sources */ = {isa = PBXBuildFile; fileRef = 317A61DB1C8CC806001695F0 /* SharedSettings.swift */; };
		317A61DE1C8CCDCB001695F0 /* NSColor+PCH.swift in Sources */ = {isa = PBXBuildFile; fileRef = 317A61DD1C8CCDCB001695F0 /* NSColor+PCH.swift */; };
		317A61E51C8E1BC9001695F0 /* ChapterCell.swift in Sources */ = {isa = PBXBuildFile; fileRef = 317A61E01C8E1BC9001695F0 /* ChapterCell.swift */; };
		317A61E61C8E1BC9001695F0 /* ChapterCell.xib in Resources */ = {isa = PBXBuildFile; fileRef = 317A61E11C8E1BC9001695F0 /* ChapterCell.xib */; };
		317A61E71C8E1BC9001695F0 /* ChapterCellView.swift in Sources */ = {isa = PBXBuildFile; fileRef = 317A61E21C8E1BC9001695F0 /* ChapterCellView.swift */; };
		317A61E81C8E1BC9001695F0 /* ChapterCellView.xib in Resources */ = {isa = PBXBuildFile; fileRef = 317A61E31C8E1BC9001695F0 /* ChapterCellView.xib */; };
		319AC45E1C67FE5600871B4C /* AppKit.framework in Frameworks */ = {isa = PBXBuildFile; fileRef = 319AC45D1C67FE5600871B4C /* AppKit.framework */; };
		319AC4601C67FE6100871B4C /* ScriptingBridge.framework in Frameworks */ = {isa = PBXBuildFile; fileRef = 319AC45F1C67FE6100871B4C /* ScriptingBridge.framework */; };
		31A4685B1C651F51004858F5 /* AppDelegate.swift in Sources */ = {isa = PBXBuildFile; fileRef = 31A4685A1C651F51004858F5 /* AppDelegate.swift */; };
		31A4685D1C651F51004858F5 /* Assets.xcassets in Resources */ = {isa = PBXBuildFile; fileRef = 31A4685C1C651F51004858F5 /* Assets.xcassets */; };
		31A468731C66455C004858F5 /* AppCoordinator.swift in Sources */ = {isa = PBXBuildFile; fileRef = 31A468721C66455C004858F5 /* AppCoordinator.swift */; };
		31A468751C664568004858F5 /* StatusBarCoordinator.swift in Sources */ = {isa = PBXBuildFile; fileRef = 31A468741C664568004858F5 /* StatusBarCoordinator.swift */; };
		31A468791C6645FF004858F5 /* NSStatusItem+PCH.swift in Sources */ = {isa = PBXBuildFile; fileRef = 31A468781C6645FF004858F5 /* NSStatusItem+PCH.swift */; };
		31A468801C665446004858F5 /* RxSwift.framework.dSYM in Carthage Copy dSYM Files */ = {isa = PBXBuildFile; fileRef = 31A4687F1C665446004858F5 /* RxSwift.framework.dSYM */; };
		31A468821C66544D004858F5 /* RxCocoa.framework.dSYM in Carthage Copy dSYM Files */ = {isa = PBXBuildFile; fileRef = 31A468811C66544D004858F5 /* RxCocoa.framework.dSYM */; };
		31A468841C665481004858F5 /* RxSwift.framework in Frameworks */ = {isa = PBXBuildFile; fileRef = 31A468831C665481004858F5 /* RxSwift.framework */; };
		31A468851C665481004858F5 /* RxSwift.framework in Embed Frameworks */ = {isa = PBXBuildFile; fileRef = 31A468831C665481004858F5 /* RxSwift.framework */; settings = {ATTRIBUTES = (CodeSignOnCopy, RemoveHeadersOnCopy, ); }; };
		31A468881C665486004858F5 /* RxCocoa.framework in Frameworks */ = {isa = PBXBuildFile; fileRef = 31A468871C665486004858F5 /* RxCocoa.framework */; };
		31A468891C665486004858F5 /* RxCocoa.framework in Embed Frameworks */ = {isa = PBXBuildFile; fileRef = 31A468871C665486004858F5 /* RxCocoa.framework */; settings = {ATTRIBUTES = (CodeSignOnCopy, RemoveHeadersOnCopy, ); }; };
		31A4688C1C666C95004858F5 /* Bootstrapping.swift in Sources */ = {isa = PBXBuildFile; fileRef = 31A4688B1C666C95004858F5 /* Bootstrapping.swift */; };
		31A4688E1C666FC5004858F5 /* ApplicationBootstrapping.swift in Sources */ = {isa = PBXBuildFile; fileRef = 31A4688D1C666FC5004858F5 /* ApplicationBootstrapping.swift */; };
		31A468901C667491004858F5 /* CrashReportBootstrapping.swift in Sources */ = {isa = PBXBuildFile; fileRef = 31A4688F1C667491004858F5 /* CrashReportBootstrapping.swift */; };
		31A468921C66769D004858F5 /* ContentCoordinator.swift in Sources */ = {isa = PBXBuildFile; fileRef = 31A468911C66769D004858F5 /* ContentCoordinator.swift */; };
		31A468941C6676B7004858F5 /* ChaptersViewModel.swift in Sources */ = {isa = PBXBuildFile; fileRef = 31A468931C6676B7004858F5 /* ChaptersViewModel.swift */; };
		31A468971C6676D0004858F5 /* ChaptersViewController.swift in Sources */ = {isa = PBXBuildFile; fileRef = 31A468951C6676D0004858F5 /* ChaptersViewController.swift */; };
		31A468981C6676D0004858F5 /* ChaptersViewController.xib in Resources */ = {isa = PBXBuildFile; fileRef = 31A468961C6676D0004858F5 /* ChaptersViewController.xib */; };
		31A4689C1C67A47E004858F5 /* EventMonitor.swift in Sources */ = {isa = PBXBuildFile; fileRef = 31A4689B1C67A47E004858F5 /* EventMonitor.swift */; };
		31A4689E1C67A96E004858F5 /* StatusBarItem.swift in Sources */ = {isa = PBXBuildFile; fileRef = 31A4689D1C67A96E004858F5 /* StatusBarItem.swift */; };
		31A468A41C67E32E004858F5 /* iTunesLibrary.framework in Frameworks */ = {isa = PBXBuildFile; fileRef = 31A468A31C67E32E004858F5 /* iTunesLibrary.framework */; };
		31B2C7F81C95DEC200C874C7 /* NSTextField+PCH.m in Sources */ = {isa = PBXBuildFile; fileRef = 31B2C7F71C95DEC200C874C7 /* NSTextField+PCH.m */; };
		31C430641C6A8101000E77BA /* Timer.swift in Sources */ = {isa = PBXBuildFile; fileRef = 31C430631C6A8101000E77BA /* Timer.swift */; };
		31C430661C6A9447000E77BA /* NSTimer+PCH.swift in Sources */ = {isa = PBXBuildFile; fileRef = 31C430651C6A9447000E77BA /* NSTimer+PCH.swift */; };
		31DA65C71DA305DF00B0A16A /* SBApplication+PCH.m in Sources */ = {isa = PBXBuildFile; fileRef = 31DA65C61DA305DF00B0A16A /* SBApplication+PCH.m */; };
		31DA65D71DA6CDB300B0A16A /* Chapter.swift in Sources */ = {isa = PBXBuildFile; fileRef = 31DA65CC1DA6CDB300B0A16A /* Chapter.swift */; };
		31DA65D81DA6CDB300B0A16A /* ChapterLoader.swift in Sources */ = {isa = PBXBuildFile; fileRef = 31DA65CD1DA6CDB300B0A16A /* ChapterLoader.swift */; };
		31DA65D91DA6CDB300B0A16A /* iTunes.swift in Sources */ = {isa = PBXBuildFile; fileRef = 31DA65D01DA6CDB300B0A16A /* iTunes.swift */; };
		31DA65DA1DA6CDB300B0A16A /* iTunesApplicationWrapper.m in Sources */ = {isa = PBXBuildFile; fileRef = 31DA65D21DA6CDB300B0A16A /* iTunesApplicationWrapper.m */; };
		31DA65DB1DA6CDB300B0A16A /* iTunesTrackWrapper.m in Sources */ = {isa = PBXBuildFile; fileRef = 31DA65D41DA6CDB300B0A16A /* iTunesTrackWrapper.m */; };
		31DA65DC1DA6CDB300B0A16A /* MediaLoader.swift in Sources */ = {isa = PBXBuildFile; fileRef = 31DA65D51DA6CDB300B0A16A /* MediaLoader.swift */; };
		31DA65DD1DA6CDB300B0A16A /* PodcastMonitor.swift in Sources */ = {isa = PBXBuildFile; fileRef = 31DA65D61DA6CDB300B0A16A /* PodcastMonitor.swift */; };
/* End PBXBuildFile section */

/* Begin PBXContainerItemProxy section */
		315FD1711C9F6153001BF6E2 /* PBXContainerItemProxy */ = {
			isa = PBXContainerItemProxy;
			containerPortal = 31A4684F1C651F51004858F5 /* Project object */;
			proxyType = 1;
			remoteGlobalIDString = 31A468561C651F51004858F5;
			remoteInfo = PodcastChapters;
		};
/* End PBXContainerItemProxy section */

/* Begin PBXCopyFilesBuildPhase section */
		31A4687E1C665418004858F5 /* Carthage Copy dSYM Files */ = {
			isa = PBXCopyFilesBuildPhase;
			buildActionMask = 2147483647;
			dstPath = "";
			dstSubfolderSpec = 16;
			files = (
				313B65861D985C63002A90E7 /* RxOptional.framework.dSYM in Carthage Copy dSYM Files */,
				31A468801C665446004858F5 /* RxSwift.framework.dSYM in Carthage Copy dSYM Files */,
				31A468821C66544D004858F5 /* RxCocoa.framework.dSYM in Carthage Copy dSYM Files */,
			);
			name = "Carthage Copy dSYM Files";
			runOnlyForDeploymentPostprocessing = 0;
		};
		31A468861C665481004858F5 /* Embed Frameworks */ = {
			isa = PBXCopyFilesBuildPhase;
			buildActionMask = 2147483647;
			dstPath = "";
			dstSubfolderSpec = 10;
			files = (
				313B65841D985C42002A90E7 /* RxOptional.framework in Embed Frameworks */,
				31A468891C665486004858F5 /* RxCocoa.framework in Embed Frameworks */,
				31A468851C665481004858F5 /* RxSwift.framework in Embed Frameworks */,
			);
			name = "Embed Frameworks";
			runOnlyForDeploymentPostprocessing = 0;
		};
/* End PBXCopyFilesBuildPhase section */

/* Begin PBXFileReference section */
		3112B3401C7FA60600CE6438 /* FlowLayout.swift */ = {isa = PBXFileReference; fileEncoding = 4; lastKnownFileType = sourcecode.swift; path = FlowLayout.swift; sourceTree = "<group>"; };
		312A107C1C862B6400805059 /* CollectionView.swift */ = {isa = PBXFileReference; fileEncoding = 4; lastKnownFileType = sourcecode.swift; path = CollectionView.swift; sourceTree = "<group>"; };
		312A107E1C864DEC00805059 /* LineView.swift */ = {isa = PBXFileReference; fileEncoding = 4; lastKnownFileType = sourcecode.swift; path = LineView.swift; sourceTree = "<group>"; };
		312A10801C8B292400805059 /* CopyButton.swift */ = {isa = PBXFileReference; fileEncoding = 4; lastKnownFileType = sourcecode.swift; path = CopyButton.swift; sourceTree = "<group>"; };
		313B657F1D98368A002A90E7 /* ITLibrary+PCH.swift */ = {isa = PBXFileReference; fileEncoding = 4; lastKnownFileType = sourcecode.swift; path = "ITLibrary+PCH.swift"; sourceTree = "<group>"; };
		313B65831D985C42002A90E7 /* RxOptional.framework */ = {isa = PBXFileReference; lastKnownFileType = wrapper.framework; name = RxOptional.framework; path = Carthage/Build/Mac/RxOptional.framework; sourceTree = "<group>"; };
		313B65851D985C63002A90E7 /* RxOptional.framework.dSYM */ = {isa = PBXFileReference; lastKnownFileType = wrapper.dsym; name = RxOptional.framework.dSYM; path = Carthage/Build/Mac/RxOptional.framework.dSYM; sourceTree = "<group>"; };
		313B65871D99A669002A90E7 /* ObservableType+PCH.swift */ = {isa = PBXFileReference; fileEncoding = 4; lastKnownFileType = sourcecode.swift; path = "ObservableType+PCH.swift"; sourceTree = "<group>"; };
		314195461C73AF0C00268AFC /* Popover.swift */ = {isa = PBXFileReference; fileEncoding = 4; lastKnownFileType = sourcecode.swift; path = Popover.swift; sourceTree = "<group>"; };
		314195481C73AF1500268AFC /* PopoverWindow.swift */ = {isa = PBXFileReference; fileEncoding = 4; lastKnownFileType = sourcecode.swift; path = PopoverWindow.swift; sourceTree = "<group>"; };
		3141954A1C73AF3400268AFC /* PopoverBackgroundView.swift */ = {isa = PBXFileReference; fileEncoding = 4; lastKnownFileType = sourcecode.swift; path = PopoverBackgroundView.swift; sourceTree = "<group>"; };
		3141954C1C73DB7300268AFC /* PopoverAnimator.swift */ = {isa = PBXFileReference; fileEncoding = 4; lastKnownFileType = sourcecode.swift; path = PopoverAnimator.swift; sourceTree = "<group>"; };
		3141954E1C73DDB400268AFC /* CAMediaTimingFunction+PCH.swift */ = {isa = PBXFileReference; fileEncoding = 4; lastKnownFileType = sourcecode.swift; path = "CAMediaTimingFunction+PCH.swift"; sourceTree = "<group>"; };
		314195521C766D5900268AFC /* ChapterSizeCalculator.swift */ = {isa = PBXFileReference; fileEncoding = 4; lastKnownFileType = sourcecode.swift; path = ChapterSizeCalculator.swift; sourceTree = "<group>"; };
		315D38261C77841D0012CA1A /* NSView+PCH.swift */ = {isa = PBXFileReference; fileEncoding = 4; lastKnownFileType = sourcecode.swift; path = "NSView+PCH.swift"; sourceTree = "<group>"; };
		315D38281C778DD60012CA1A /* NSCollectionViewItem+PCH.swift */ = {isa = PBXFileReference; fileEncoding = 4; lastKnownFileType = sourcecode.swift; path = "NSCollectionViewItem+PCH.swift"; sourceTree = "<group>"; };
		315D382B1C78EFA90012CA1A /* NotificationCenter.swift */ = {isa = PBXFileReference; fileEncoding = 4; lastKnownFileType = sourcecode.swift; path = NotificationCenter.swift; sourceTree = "<group>"; };
		315D382D1C78EFBE0012CA1A /* Notification.swift */ = {isa = PBXFileReference; fileEncoding = 4; lastKnownFileType = sourcecode.swift; path = Notification.swift; sourceTree = "<group>"; };
		315D382F1C7906A20012CA1A /* NSUserNotificationBuilder.swift */ = {isa = PBXFileReference; fileEncoding = 4; lastKnownFileType = sourcecode.swift; path = NSUserNotificationBuilder.swift; sourceTree = "<group>"; };
		315D38351C7918240012CA1A /* MultipleInstanceAlert.swift */ = {isa = PBXFileReference; fileEncoding = 4; lastKnownFileType = sourcecode.swift; path = MultipleInstanceAlert.swift; sourceTree = "<group>"; };
		315D38371C79194D0012CA1A /* NSBundle+PCH.swift */ = {isa = PBXFileReference; fileEncoding = 4; lastKnownFileType = sourcecode.swift; path = "NSBundle+PCH.swift"; sourceTree = "<group>"; };
		315D38391C791A5A0012CA1A /* NSRunningApplication+PCH.swift */ = {isa = PBXFileReference; fileEncoding = 4; lastKnownFileType = sourcecode.swift; path = "NSRunningApplication+PCH.swift"; sourceTree = "<group>"; };
		315D383B1C7A637C0012CA1A /* StatusItemView.swift */ = {isa = PBXFileReference; fileEncoding = 4; lastKnownFileType = sourcecode.swift; path = StatusItemView.swift; sourceTree = "<group>"; };
		315D383D1C7A69A80012CA1A /* RightClickMenu.swift */ = {isa = PBXFileReference; fileEncoding = 4; lastKnownFileType = sourcecode.swift; path = RightClickMenu.swift; sourceTree = "<group>"; };
		315D383F1C7A7C390012CA1A /* Notifications+PCH.swift */ = {isa = PBXFileReference; fileEncoding = 4; lastKnownFileType = sourcecode.swift; path = "Notifications+PCH.swift"; sourceTree = "<group>"; };
		315D38411C7BC3630012CA1A /* NSImage+PCH.swift */ = {isa = PBXFileReference; fileEncoding = 4; lastKnownFileType = sourcecode.swift; path = "NSImage+PCH.swift"; sourceTree = "<group>"; };
		315D38431C7CDD660012CA1A /* OtherContentViewController.swift */ = {isa = PBXFileReference; fileEncoding = 4; lastKnownFileType = sourcecode.swift; path = OtherContentViewController.swift; sourceTree = "<group>"; };
		315D38441C7CDD660012CA1A /* OtherContentViewController.xib */ = {isa = PBXFileReference; fileEncoding = 4; lastKnownFileType = file.xib; path = OtherContentViewController.xib; sourceTree = "<group>"; };
		315D38471C7CDDF60012CA1A /* OtherContentViewModel.swift */ = {isa = PBXFileReference; fileEncoding = 4; lastKnownFileType = sourcecode.swift; path = OtherContentViewModel.swift; sourceTree = "<group>"; };
		315E7E211C6D327500C2A326 /* NSNumber+PCH.swift */ = {isa = PBXFileReference; fileEncoding = 4; lastKnownFileType = sourcecode.swift; path = "NSNumber+PCH.swift"; sourceTree = "<group>"; };
		315E7E241C6D403F00C2A326 /* MNAVChapterReader.h */ = {isa = PBXFileReference; fileEncoding = 4; lastKnownFileType = sourcecode.c.h; path = MNAVChapterReader.h; sourceTree = "<group>"; };
		315E7E251C6D403F00C2A326 /* MNAVChapterReader.m */ = {isa = PBXFileReference; fileEncoding = 4; lastKnownFileType = sourcecode.c.objc; path = MNAVChapterReader.m; sourceTree = "<group>"; };
		315E7E271C6D40A700C2A326 /* AVFoundation.framework */ = {isa = PBXFileReference; lastKnownFileType = wrapper.framework; name = AVFoundation.framework; path = System/Library/Frameworks/AVFoundation.framework; sourceTree = SDKROOT; };
		315E7E291C6D40BC00C2A326 /* CoreMedia.framework */ = {isa = PBXFileReference; lastKnownFileType = wrapper.framework; name = CoreMedia.framework; path = System/Library/Frameworks/CoreMedia.framework; sourceTree = SDKROOT; };
		315FD1661C9F5991001BF6E2 /* main.swift */ = {isa = PBXFileReference; fileEncoding = 4; lastKnownFileType = sourcecode.swift; path = main.swift; sourceTree = "<group>"; };
		315FD16C1C9F6153001BF6E2 /* PodcastChaptersTests.xctest */ = {isa = PBXFileReference; explicitFileType = wrapper.cfbundle; includeInIndex = 0; path = PodcastChaptersTests.xctest; sourceTree = BUILT_PRODUCTS_DIR; };
		315FD1761C9F6176001BF6E2 /* Info.plist */ = {isa = PBXFileReference; fileEncoding = 4; lastKnownFileType = text.plist.xml; path = Info.plist; sourceTree = "<group>"; };
		315FD17F1C9F61DF001BF6E2 /* ContentCoordinatorTests.swift */ = {isa = PBXFileReference; fileEncoding = 4; lastKnownFileType = sourcecode.swift; path = ContentCoordinatorTests.swift; sourceTree = "<group>"; };
		315FD1821C9F61DF001BF6E2 /* PodcastMonitorMock.swift */ = {isa = PBXFileReference; fileEncoding = 4; lastKnownFileType = sourcecode.swift; path = PodcastMonitorMock.swift; sourceTree = "<group>"; };
		315FD1831C9F61DF001BF6E2 /* PopoverMock.swift */ = {isa = PBXFileReference; fileEncoding = 4; lastKnownFileType = sourcecode.swift; path = PopoverMock.swift; sourceTree = "<group>"; };
		315FD1841C9F61DF001BF6E2 /* PodcastChaptersTests-Bridging-Header.h */ = {isa = PBXFileReference; fileEncoding = 4; lastKnownFileType = sourcecode.c.h; path = "PodcastChaptersTests-Bridging-Header.h"; sourceTree = "<group>"; };
		315FD1931C9F6734001BF6E2 /* StatusBarCoordinatorTests.swift */ = {isa = PBXFileReference; fileEncoding = 4; lastKnownFileType = sourcecode.swift; path = StatusBarCoordinatorTests.swift; sourceTree = "<group>"; };
		315FD1951C9F6BE8001BF6E2 /* StatusBarItemMock.swift */ = {isa = PBXFileReference; fileEncoding = 4; lastKnownFileType = sourcecode.swift; path = StatusBarItemMock.swift; sourceTree = "<group>"; };
		315FD1971C9F6C6E001BF6E2 /* NSApplicationMock.swift */ = {isa = PBXFileReference; fileEncoding = 4; lastKnownFileType = sourcecode.swift; path = NSApplicationMock.swift; sourceTree = "<group>"; };
		315FD1991CA08DA6001BF6E2 /* NSApplication+PCH.swift */ = {isa = PBXFileReference; fileEncoding = 4; lastKnownFileType = sourcecode.swift; path = "NSApplication+PCH.swift"; sourceTree = "<group>"; };
		315FD19B1CA09034001BF6E2 /* ChaptersViewModelTests.swift */ = {isa = PBXFileReference; fileEncoding = 4; lastKnownFileType = sourcecode.swift; path = ChaptersViewModelTests.swift; sourceTree = "<group>"; };
		315FD19E1CA09470001BF6E2 /* PasteBoard.swift */ = {isa = PBXFileReference; fileEncoding = 4; lastKnownFileType = sourcecode.swift; path = PasteBoard.swift; sourceTree = "<group>"; };
		315FD19F1CA09470001BF6E2 /* PasteBoardContentStripper.swift */ = {isa = PBXFileReference; fileEncoding = 4; lastKnownFileType = sourcecode.swift; path = PasteBoardContentStripper.swift; sourceTree = "<group>"; };
		3176D4181C7D1A1200569BBF /* NSLayoutAnchor+PCH.swift */ = {isa = PBXFileReference; fileEncoding = 4; lastKnownFileType = sourcecode.swift; path = "NSLayoutAnchor+PCH.swift"; sourceTree = "<group>"; };
		317A61DB1C8CC806001695F0 /* SharedSettings.swift */ = {isa = PBXFileReference; fileEncoding = 4; lastKnownFileType = sourcecode.swift; path = SharedSettings.swift; sourceTree = "<group>"; };
		317A61DD1C8CCDCB001695F0 /* NSColor+PCH.swift */ = {isa = PBXFileReference; fileEncoding = 4; lastKnownFileType = sourcecode.swift; path = "NSColor+PCH.swift"; sourceTree = "<group>"; };
		317A61E01C8E1BC9001695F0 /* ChapterCell.swift */ = {isa = PBXFileReference; fileEncoding = 4; lastKnownFileType = sourcecode.swift; path = ChapterCell.swift; sourceTree = "<group>"; };
		317A61E11C8E1BC9001695F0 /* ChapterCell.xib */ = {isa = PBXFileReference; fileEncoding = 4; lastKnownFileType = file.xib; path = ChapterCell.xib; sourceTree = "<group>"; };
		317A61E21C8E1BC9001695F0 /* ChapterCellView.swift */ = {isa = PBXFileReference; fileEncoding = 4; lastKnownFileType = sourcecode.swift; path = ChapterCellView.swift; sourceTree = "<group>"; };
		317A61E31C8E1BC9001695F0 /* ChapterCellView.xib */ = {isa = PBXFileReference; fileEncoding = 4; lastKnownFileType = file.xib; path = ChapterCellView.xib; sourceTree = "<group>"; };
		319AC45D1C67FE5600871B4C /* AppKit.framework */ = {isa = PBXFileReference; lastKnownFileType = wrapper.framework; name = AppKit.framework; path = System/Library/Frameworks/AppKit.framework; sourceTree = SDKROOT; };
		319AC45F1C67FE6100871B4C /* ScriptingBridge.framework */ = {isa = PBXFileReference; lastKnownFileType = wrapper.framework; name = ScriptingBridge.framework; path = System/Library/Frameworks/ScriptingBridge.framework; sourceTree = SDKROOT; };
		31A468571C651F51004858F5 /* PodcastChapters.app */ = {isa = PBXFileReference; explicitFileType = wrapper.application; includeInIndex = 0; path = PodcastChapters.app; sourceTree = BUILT_PRODUCTS_DIR; };
		31A4685A1C651F51004858F5 /* AppDelegate.swift */ = {isa = PBXFileReference; lastKnownFileType = sourcecode.swift; path = AppDelegate.swift; sourceTree = "<group>"; };
		31A4685C1C651F51004858F5 /* Assets.xcassets */ = {isa = PBXFileReference; lastKnownFileType = folder.assetcatalog; path = Assets.xcassets; sourceTree = "<group>"; };
		31A468611C651F51004858F5 /* Info.plist */ = {isa = PBXFileReference; lastKnownFileType = text.plist.xml; path = Info.plist; sourceTree = "<group>"; };
		31A468721C66455C004858F5 /* AppCoordinator.swift */ = {isa = PBXFileReference; fileEncoding = 4; lastKnownFileType = sourcecode.swift; path = AppCoordinator.swift; sourceTree = "<group>"; };
		31A468741C664568004858F5 /* StatusBarCoordinator.swift */ = {isa = PBXFileReference; fileEncoding = 4; lastKnownFileType = sourcecode.swift; path = StatusBarCoordinator.swift; sourceTree = "<group>"; };
		31A468781C6645FF004858F5 /* NSStatusItem+PCH.swift */ = {isa = PBXFileReference; fileEncoding = 4; lastKnownFileType = sourcecode.swift; path = "NSStatusItem+PCH.swift"; sourceTree = "<group>"; };
		31A4687B1C664D8F004858F5 /* Cartfile */ = {isa = PBXFileReference; fileEncoding = 4; lastKnownFileType = text; path = Cartfile; sourceTree = SOURCE_ROOT; };
		31A4687F1C665446004858F5 /* RxSwift.framework.dSYM */ = {isa = PBXFileReference; lastKnownFileType = wrapper.dsym; name = RxSwift.framework.dSYM; path = Carthage/Build/Mac/RxSwift.framework.dSYM; sourceTree = "<group>"; };
		31A468811C66544D004858F5 /* RxCocoa.framework.dSYM */ = {isa = PBXFileReference; lastKnownFileType = wrapper.dsym; name = RxCocoa.framework.dSYM; path = Carthage/Build/Mac/RxCocoa.framework.dSYM; sourceTree = "<group>"; };
		31A468831C665481004858F5 /* RxSwift.framework */ = {isa = PBXFileReference; lastKnownFileType = wrapper.framework; name = RxSwift.framework; path = Carthage/Build/Mac/RxSwift.framework; sourceTree = "<group>"; };
		31A468871C665486004858F5 /* RxCocoa.framework */ = {isa = PBXFileReference; lastKnownFileType = wrapper.framework; name = RxCocoa.framework; path = Carthage/Build/Mac/RxCocoa.framework; sourceTree = "<group>"; };
		31A4688B1C666C95004858F5 /* Bootstrapping.swift */ = {isa = PBXFileReference; fileEncoding = 4; lastKnownFileType = sourcecode.swift; path = Bootstrapping.swift; sourceTree = "<group>"; };
		31A4688D1C666FC5004858F5 /* ApplicationBootstrapping.swift */ = {isa = PBXFileReference; fileEncoding = 4; lastKnownFileType = sourcecode.swift; path = ApplicationBootstrapping.swift; sourceTree = "<group>"; };
		31A4688F1C667491004858F5 /* CrashReportBootstrapping.swift */ = {isa = PBXFileReference; fileEncoding = 4; lastKnownFileType = sourcecode.swift; path = CrashReportBootstrapping.swift; sourceTree = "<group>"; };
		31A468911C66769D004858F5 /* ContentCoordinator.swift */ = {isa = PBXFileReference; fileEncoding = 4; lastKnownFileType = sourcecode.swift; path = ContentCoordinator.swift; sourceTree = "<group>"; };
		31A468931C6676B7004858F5 /* ChaptersViewModel.swift */ = {isa = PBXFileReference; fileEncoding = 4; lastKnownFileType = sourcecode.swift; path = ChaptersViewModel.swift; sourceTree = "<group>"; };
		31A468951C6676D0004858F5 /* ChaptersViewController.swift */ = {isa = PBXFileReference; fileEncoding = 4; lastKnownFileType = sourcecode.swift; path = ChaptersViewController.swift; sourceTree = "<group>"; };
		31A468961C6676D0004858F5 /* ChaptersViewController.xib */ = {isa = PBXFileReference; fileEncoding = 4; lastKnownFileType = file.xib; path = ChaptersViewController.xib; sourceTree = "<group>"; };
		31A4689B1C67A47E004858F5 /* EventMonitor.swift */ = {isa = PBXFileReference; fileEncoding = 4; lastKnownFileType = sourcecode.swift; path = EventMonitor.swift; sourceTree = "<group>"; };
		31A4689D1C67A96E004858F5 /* StatusBarItem.swift */ = {isa = PBXFileReference; fileEncoding = 4; lastKnownFileType = sourcecode.swift; path = StatusBarItem.swift; sourceTree = "<group>"; };
		31A468A21C67DD2F004858F5 /* PodcastChapters-Bridging-Header.h */ = {isa = PBXFileReference; lastKnownFileType = sourcecode.c.h; path = "PodcastChapters-Bridging-Header.h"; sourceTree = "<group>"; };
		31A468A31C67E32E004858F5 /* iTunesLibrary.framework */ = {isa = PBXFileReference; lastKnownFileType = wrapper.framework; name = iTunesLibrary.framework; path = ../../../../../../../../Library/Frameworks/iTunesLibrary.framework; sourceTree = "<group>"; };
		31B2C7F61C95DEC200C874C7 /* NSTextField+PCH.h */ = {isa = PBXFileReference; fileEncoding = 4; lastKnownFileType = sourcecode.c.h; path = "NSTextField+PCH.h"; sourceTree = "<group>"; };
		31B2C7F71C95DEC200C874C7 /* NSTextField+PCH.m */ = {isa = PBXFileReference; fileEncoding = 4; lastKnownFileType = sourcecode.c.objc; path = "NSTextField+PCH.m"; sourceTree = "<group>"; };
		31C430631C6A8101000E77BA /* Timer.swift */ = {isa = PBXFileReference; fileEncoding = 4; lastKnownFileType = sourcecode.swift; path = Timer.swift; sourceTree = "<group>"; };
		31C430651C6A9447000E77BA /* NSTimer+PCH.swift */ = {isa = PBXFileReference; fileEncoding = 4; lastKnownFileType = sourcecode.swift; path = "NSTimer+PCH.swift"; sourceTree = "<group>"; };
		31DA65C51DA305DF00B0A16A /* SBApplication+PCH.h */ = {isa = PBXFileReference; fileEncoding = 4; lastKnownFileType = sourcecode.c.h; path = "SBApplication+PCH.h"; sourceTree = "<group>"; };
		31DA65C61DA305DF00B0A16A /* SBApplication+PCH.m */ = {isa = PBXFileReference; fileEncoding = 4; lastKnownFileType = sourcecode.c.objc; path = "SBApplication+PCH.m"; sourceTree = "<group>"; };
		31DA65CC1DA6CDB300B0A16A /* Chapter.swift */ = {isa = PBXFileReference; fileEncoding = 4; lastKnownFileType = sourcecode.swift; path = Chapter.swift; sourceTree = "<group>"; };
		31DA65CD1DA6CDB300B0A16A /* ChapterLoader.swift */ = {isa = PBXFileReference; fileEncoding = 4; lastKnownFileType = sourcecode.swift; path = ChapterLoader.swift; sourceTree = "<group>"; };
		31DA65CF1DA6CDB300B0A16A /* iTunes.h */ = {isa = PBXFileReference; fileEncoding = 4; lastKnownFileType = sourcecode.c.h; path = iTunes.h; sourceTree = "<group>"; };
		31DA65D01DA6CDB300B0A16A /* iTunes.swift */ = {isa = PBXFileReference; fileEncoding = 4; lastKnownFileType = sourcecode.swift; path = iTunes.swift; sourceTree = "<group>"; };
		31DA65D11DA6CDB300B0A16A /* iTunesApplicationWrapper.h */ = {isa = PBXFileReference; fileEncoding = 4; lastKnownFileType = sourcecode.c.h; path = iTunesApplicationWrapper.h; sourceTree = "<group>"; };
		31DA65D21DA6CDB300B0A16A /* iTunesApplicationWrapper.m */ = {isa = PBXFileReference; fileEncoding = 4; lastKnownFileType = sourcecode.c.objc; path = iTunesApplicationWrapper.m; sourceTree = "<group>"; };
		31DA65D31DA6CDB300B0A16A /* iTunesTrackWrapper.h */ = {isa = PBXFileReference; fileEncoding = 4; lastKnownFileType = sourcecode.c.h; path = iTunesTrackWrapper.h; sourceTree = "<group>"; };
		31DA65D41DA6CDB300B0A16A /* iTunesTrackWrapper.m */ = {isa = PBXFileReference; fileEncoding = 4; lastKnownFileType = sourcecode.c.objc; path = iTunesTrackWrapper.m; sourceTree = "<group>"; };
		31DA65D51DA6CDB300B0A16A /* MediaLoader.swift */ = {isa = PBXFileReference; fileEncoding = 4; lastKnownFileType = sourcecode.swift; path = MediaLoader.swift; sourceTree = "<group>"; };
		31DA65D61DA6CDB300B0A16A /* PodcastMonitor.swift */ = {isa = PBXFileReference; fileEncoding = 4; lastKnownFileType = sourcecode.swift; path = PodcastMonitor.swift; sourceTree = "<group>"; };
/* End PBXFileReference section */

/* Begin PBXFrameworksBuildPhase section */
		315FD1691C9F6153001BF6E2 /* Frameworks */ = {
			isa = PBXFrameworksBuildPhase;
			buildActionMask = 2147483647;
			files = (
				315FD17A1C9F6195001BF6E2 /* RxCocoa.framework in Frameworks */,
				315FD17B1C9F6195001BF6E2 /* RxSwift.framework in Frameworks */,
			);
			runOnlyForDeploymentPostprocessing = 0;
		};
		31A468541C651F51004858F5 /* Frameworks */ = {
			isa = PBXFrameworksBuildPhase;
			buildActionMask = 2147483647;
			files = (
				315E7E2A1C6D40BC00C2A326 /* CoreMedia.framework in Frameworks */,
				315E7E281C6D40A700C2A326 /* AVFoundation.framework in Frameworks */,
				319AC4601C67FE6100871B4C /* ScriptingBridge.framework in Frameworks */,
				319AC45E1C67FE5600871B4C /* AppKit.framework in Frameworks */,
				31A468A41C67E32E004858F5 /* iTunesLibrary.framework in Frameworks */,
				31A468881C665486004858F5 /* RxCocoa.framework in Frameworks */,
				31A468841C665481004858F5 /* RxSwift.framework in Frameworks */,
			);
			runOnlyForDeploymentPostprocessing = 0;
		};
/* End PBXFrameworksBuildPhase section */

/* Begin PBXGroup section */
		314195451C73AEEE00268AFC /* Popover */ = {
			isa = PBXGroup;
			children = (
				314195461C73AF0C00268AFC /* Popover.swift */,
				3141954C1C73DB7300268AFC /* PopoverAnimator.swift */,
				3141954A1C73AF3400268AFC /* PopoverBackgroundView.swift */,
				314195481C73AF1500268AFC /* PopoverWindow.swift */,
			);
			path = Popover;
			sourceTree = "<group>";
		};
		315D382A1C78EFA90012CA1A /* Notifications */ = {
			isa = PBXGroup;
			children = (
				315D382B1C78EFA90012CA1A /* NotificationCenter.swift */,
				315D382D1C78EFBE0012CA1A /* Notification.swift */,
				315D382F1C7906A20012CA1A /* NSUserNotificationBuilder.swift */,
			);
			path = Notifications;
			sourceTree = "<group>";
		};
		315E7E231C6D403F00C2A326 /* MNAVChapters */ = {
			isa = PBXGroup;
			children = (
				315E7E241C6D403F00C2A326 /* MNAVChapterReader.h */,
				315E7E251C6D403F00C2A326 /* MNAVChapterReader.m */,
			);
			path = MNAVChapters;
			sourceTree = "<group>";
		};
		315FD16D1C9F6153001BF6E2 /* PodcastChaptersTests */ = {
			isa = PBXGroup;
			children = (
				315FD17D1C9F61DF001BF6E2 /* Controllers */,
				315FD1811C9F61DF001BF6E2 /* Mocks */,
				315FD1851C9F61DF001BF6E2 /* UI */,
				315FD1881C9F61DF001BF6E2 /* Utilities */,
				315FD1761C9F6176001BF6E2 /* Info.plist */,
				315FD1841C9F61DF001BF6E2 /* PodcastChaptersTests-Bridging-Header.h */,
			);
			path = PodcastChaptersTests;
			sourceTree = "<group>";
		};
		315FD17D1C9F61DF001BF6E2 /* Controllers */ = {
			isa = PBXGroup;
			children = (
				315FD17E1C9F61DF001BF6E2 /* Coordinators */,
				315FD1801C9F61DF001BF6E2 /* ViewModels */,
			);
			path = Controllers;
			sourceTree = "<group>";
		};
		315FD17E1C9F61DF001BF6E2 /* Coordinators */ = {
			isa = PBXGroup;
			children = (
				315FD17F1C9F61DF001BF6E2 /* ContentCoordinatorTests.swift */,
				315FD1931C9F6734001BF6E2 /* StatusBarCoordinatorTests.swift */,
			);
			path = Coordinators;
			sourceTree = "<group>";
		};
		315FD1801C9F61DF001BF6E2 /* ViewModels */ = {
			isa = PBXGroup;
			children = (
				315FD19B1CA09034001BF6E2 /* ChaptersViewModelTests.swift */,
			);
			path = ViewModels;
			sourceTree = "<group>";
		};
		315FD1811C9F61DF001BF6E2 /* Mocks */ = {
			isa = PBXGroup;
			children = (
				315FD1971C9F6C6E001BF6E2 /* NSApplicationMock.swift */,
				315FD1821C9F61DF001BF6E2 /* PodcastMonitorMock.swift */,
				315FD1831C9F61DF001BF6E2 /* PopoverMock.swift */,
				315FD1951C9F6BE8001BF6E2 /* StatusBarItemMock.swift */,
			);
			path = Mocks;
			sourceTree = "<group>";
		};
		315FD1851C9F61DF001BF6E2 /* UI */ = {
			isa = PBXGroup;
			children = (
				315FD1861C9F61DF001BF6E2 /* ViewControllers */,
				315FD1871C9F61DF001BF6E2 /* Views */,
			);
			path = UI;
			sourceTree = "<group>";
		};
		315FD1861C9F61DF001BF6E2 /* ViewControllers */ = {
			isa = PBXGroup;
			children = (
			);
			path = ViewControllers;
			sourceTree = "<group>";
		};
		315FD1871C9F61DF001BF6E2 /* Views */ = {
			isa = PBXGroup;
			children = (
			);
			path = Views;
			sourceTree = "<group>";
		};
		315FD1881C9F61DF001BF6E2 /* Utilities */ = {
			isa = PBXGroup;
			children = (
				315FD1891C9F61DF001BF6E2 /* Bootstrapping */,
				315FD18A1C9F61DF001BF6E2 /* Extensions */,
				315FD18B1C9F61DF001BF6E2 /* iTunes */,
				315FD18C1C9F61DF001BF6E2 /* Misc */,
				315FD18D1C9F61DF001BF6E2 /* MNAVChapters */,
				315FD18E1C9F61DF001BF6E2 /* Notifications */,
				315FD18F1C9F61DF001BF6E2 /* Popover */,
			);
			path = Utilities;
			sourceTree = "<group>";
		};
		315FD1891C9F61DF001BF6E2 /* Bootstrapping */ = {
			isa = PBXGroup;
			children = (
			);
			path = Bootstrapping;
			sourceTree = "<group>";
		};
		315FD18A1C9F61DF001BF6E2 /* Extensions */ = {
			isa = PBXGroup;
			children = (
			);
			path = Extensions;
			sourceTree = "<group>";
		};
		315FD18B1C9F61DF001BF6E2 /* iTunes */ = {
			isa = PBXGroup;
			children = (
			);
			path = iTunes;
			sourceTree = "<group>";
		};
		315FD18C1C9F61DF001BF6E2 /* Misc */ = {
			isa = PBXGroup;
			children = (
			);
			path = Misc;
			sourceTree = "<group>";
		};
		315FD18D1C9F61DF001BF6E2 /* MNAVChapters */ = {
			isa = PBXGroup;
			children = (
			);
			path = MNAVChapters;
			sourceTree = "<group>";
		};
		315FD18E1C9F61DF001BF6E2 /* Notifications */ = {
			isa = PBXGroup;
			children = (
			);
			path = Notifications;
			sourceTree = "<group>";
		};
		315FD18F1C9F61DF001BF6E2 /* Popover */ = {
			isa = PBXGroup;
			children = (
			);
			path = Popover;
			sourceTree = "<group>";
		};
		315FD19D1CA09470001BF6E2 /* Pasteboard */ = {
			isa = PBXGroup;
			children = (
				315FD19E1CA09470001BF6E2 /* PasteBoard.swift */,
				315FD19F1CA09470001BF6E2 /* PasteBoardContentStripper.swift */,
			);
			name = Pasteboard;
			path = PodcastChapters/Utilities/Pasteboard;
			sourceTree = SOURCE_ROOT;
		};
		317A61DF1C8E1BC9001695F0 /* ChapterCell */ = {
			isa = PBXGroup;
			children = (
				317A61E01C8E1BC9001695F0 /* ChapterCell.swift */,
				317A61E11C8E1BC9001695F0 /* ChapterCell.xib */,
				317A61E21C8E1BC9001695F0 /* ChapterCellView.swift */,
				317A61E31C8E1BC9001695F0 /* ChapterCellView.xib */,
			);
			path = ChapterCell;
			sourceTree = "<group>";
		};
		31A4684E1C651F51004858F5 = {
			isa = PBXGroup;
			children = (
				31A4688A1C66548E004858F5 /* Frameworks */,
				31A468591C651F51004858F5 /* PodcastChapters */,
				315FD16D1C9F6153001BF6E2 /* PodcastChaptersTests */,
				31A468581C651F51004858F5 /* Products */,
			);
			sourceTree = "<group>";
		};
		31A468581C651F51004858F5 /* Products */ = {
			isa = PBXGroup;
			children = (
				31A468571C651F51004858F5 /* PodcastChapters.app */,
				315FD16C1C9F6153001BF6E2 /* PodcastChaptersTests.xctest */,
			);
			name = Products;
			sourceTree = "<group>";
		};
		31A468591C651F51004858F5 /* PodcastChapters */ = {
			isa = PBXGroup;
			children = (
				31A4685A1C651F51004858F5 /* AppDelegate.swift */,
				31A4685C1C651F51004858F5 /* Assets.xcassets */,
				31A4686B1C654E5E004858F5 /* Controllers */,
				31A4686F1C66451D004858F5 /* UI */,
				31A468681C654D8D004858F5 /* Utilities */,
				31A4687B1C664D8F004858F5 /* Cartfile */,
				31A468611C651F51004858F5 /* Info.plist */,
				315FD1661C9F5991001BF6E2 /* main.swift */,
				31A468A21C67DD2F004858F5 /* PodcastChapters-Bridging-Header.h */,
			);
			path = PodcastChapters;
			sourceTree = "<group>";
		};
		31A468681C654D8D004858F5 /* Utilities */ = {
			isa = PBXGroup;
			children = (
				31A4686C1C655037004858F5 /* Bootstrapping */,
				31A468761C6645AF004858F5 /* Extensions */,
				31A468771C6645AF004858F5 /* Misc */,
				315E7E231C6D403F00C2A326 /* MNAVChapters */,
				315D382A1C78EFA90012CA1A /* Notifications */,
				315FD19D1CA09470001BF6E2 /* Pasteboard */,
				31DA65CB1DA6CDB300B0A16A /* Player */,
				314195451C73AEEE00268AFC /* Popover */,
			);
			path = Utilities;
			sourceTree = "<group>";
		};
		31A4686B1C654E5E004858F5 /* Controllers */ = {
			isa = PBXGroup;
			children = (
				31A4686D1C66450E004858F5 /* Coordinators */,
				31A4686E1C66450E004858F5 /* ViewModels */,
			);
			path = Controllers;
			sourceTree = "<group>";
		};
		31A4686C1C655037004858F5 /* Bootstrapping */ = {
			isa = PBXGroup;
			children = (
				31A4688D1C666FC5004858F5 /* ApplicationBootstrapping.swift */,
				31A4688B1C666C95004858F5 /* Bootstrapping.swift */,
				31A4688F1C667491004858F5 /* CrashReportBootstrapping.swift */,
			);
			path = Bootstrapping;
			sourceTree = "<group>";
		};
		31A4686D1C66450E004858F5 /* Coordinators */ = {
			isa = PBXGroup;
			children = (
				31A468721C66455C004858F5 /* AppCoordinator.swift */,
				31A468911C66769D004858F5 /* ContentCoordinator.swift */,
				31A468741C664568004858F5 /* StatusBarCoordinator.swift */,
			);
			path = Coordinators;
			sourceTree = "<group>";
		};
		31A4686E1C66450E004858F5 /* ViewModels */ = {
			isa = PBXGroup;
			children = (
				31A468931C6676B7004858F5 /* ChaptersViewModel.swift */,
				315D38471C7CDDF60012CA1A /* OtherContentViewModel.swift */,
			);
			path = ViewModels;
			sourceTree = "<group>";
		};
		31A4686F1C66451D004858F5 /* UI */ = {
			isa = PBXGroup;
			children = (
				31A468701C66451D004858F5 /* ViewControllers */,
				31A468711C66451D004858F5 /* Views */,
			);
			path = UI;
			sourceTree = "<group>";
		};
		31A468701C66451D004858F5 /* ViewControllers */ = {
			isa = PBXGroup;
			children = (
				31A468951C6676D0004858F5 /* ChaptersViewController.swift */,
				31A468961C6676D0004858F5 /* ChaptersViewController.xib */,
				315D38431C7CDD660012CA1A /* OtherContentViewController.swift */,
				315D38441C7CDD660012CA1A /* OtherContentViewController.xib */,
			);
			path = ViewControllers;
			sourceTree = "<group>";
		};
		31A468711C66451D004858F5 /* Views */ = {
			isa = PBXGroup;
			children = (
				317A61DF1C8E1BC9001695F0 /* ChapterCell */,
				312A107C1C862B6400805059 /* CollectionView.swift */,
				312A10801C8B292400805059 /* CopyButton.swift */,
				312A107E1C864DEC00805059 /* LineView.swift */,
				315D383B1C7A637C0012CA1A /* StatusItemView.swift */,
			);
			path = Views;
			sourceTree = "<group>";
		};
		31A468761C6645AF004858F5 /* Extensions */ = {
			isa = PBXGroup;
			children = (
				3141954E1C73DDB400268AFC /* CAMediaTimingFunction+PCH.swift */,
				313B657F1D98368A002A90E7 /* ITLibrary+PCH.swift */,
				315D383F1C7A7C390012CA1A /* Notifications+PCH.swift */,
				315FD1991CA08DA6001BF6E2 /* NSApplication+PCH.swift */,
				315D38371C79194D0012CA1A /* NSBundle+PCH.swift */,
				315D38281C778DD60012CA1A /* NSCollectionViewItem+PCH.swift */,
				317A61DD1C8CCDCB001695F0 /* NSColor+PCH.swift */,
				315D38411C7BC3630012CA1A /* NSImage+PCH.swift */,
				3176D4181C7D1A1200569BBF /* NSLayoutAnchor+PCH.swift */,
				315E7E211C6D327500C2A326 /* NSNumber+PCH.swift */,
				31A468781C6645FF004858F5 /* NSStatusItem+PCH.swift */,
				315D38391C791A5A0012CA1A /* NSRunningApplication+PCH.swift */,
				31B2C7F61C95DEC200C874C7 /* NSTextField+PCH.h */,
				31B2C7F71C95DEC200C874C7 /* NSTextField+PCH.m */,
				31C430651C6A9447000E77BA /* NSTimer+PCH.swift */,
				315D38261C77841D0012CA1A /* NSView+PCH.swift */,
				313B65871D99A669002A90E7 /* ObservableType+PCH.swift */,
				31DA65C51DA305DF00B0A16A /* SBApplication+PCH.h */,
				31DA65C61DA305DF00B0A16A /* SBApplication+PCH.m */,
			);
			path = Extensions;
			sourceTree = "<group>";
		};
		31A468771C6645AF004858F5 /* Misc */ = {
			isa = PBXGroup;
			children = (
				314195521C766D5900268AFC /* ChapterSizeCalculator.swift */,
				31A4689B1C67A47E004858F5 /* EventMonitor.swift */,
				3112B3401C7FA60600CE6438 /* FlowLayout.swift */,
				315D38351C7918240012CA1A /* MultipleInstanceAlert.swift */,
				315D383D1C7A69A80012CA1A /* RightClickMenu.swift */,
				317A61DB1C8CC806001695F0 /* SharedSettings.swift */,
				31A4689D1C67A96E004858F5 /* StatusBarItem.swift */,
				31C430631C6A8101000E77BA /* Timer.swift */,
			);
			path = Misc;
			sourceTree = "<group>";
		};
		31A4688A1C66548E004858F5 /* Frameworks */ = {
			isa = PBXGroup;
			children = (
				319AC45D1C67FE5600871B4C /* AppKit.framework */,
				315E7E271C6D40A700C2A326 /* AVFoundation.framework */,
				315E7E291C6D40BC00C2A326 /* CoreMedia.framework */,
				31A468A31C67E32E004858F5 /* iTunesLibrary.framework */,
				319AC45F1C67FE6100871B4C /* ScriptingBridge.framework */,
				31A468871C665486004858F5 /* RxCocoa.framework */,
				31A468811C66544D004858F5 /* RxCocoa.framework.dSYM */,
				313B65831D985C42002A90E7 /* RxOptional.framework */,
				313B65851D985C63002A90E7 /* RxOptional.framework.dSYM */,
				31A468831C665481004858F5 /* RxSwift.framework */,
				31A4687F1C665446004858F5 /* RxSwift.framework.dSYM */,
			);
			name = Frameworks;
			sourceTree = "<group>";
		};
		31DA65CB1DA6CDB300B0A16A /* Player */ = {
			isa = PBXGroup;
			children = (
				31DA65CE1DA6CDB300B0A16A /* iTunes */,
				31DA65CC1DA6CDB300B0A16A /* Chapter.swift */,
				31DA65CD1DA6CDB300B0A16A /* ChapterLoader.swift */,
				31DA65D51DA6CDB300B0A16A /* MediaLoader.swift */,
				31DA65D61DA6CDB300B0A16A /* PodcastMonitor.swift */,
			);
			path = Player;
			sourceTree = "<group>";
		};
		31DA65CE1DA6CDB300B0A16A /* iTunes */ = {
			isa = PBXGroup;
			children = (
				31DA65CF1DA6CDB300B0A16A /* iTunes.h */,
				31DA65D01DA6CDB300B0A16A /* iTunes.swift */,
				31DA65D11DA6CDB300B0A16A /* iTunesApplicationWrapper.h */,
				31DA65D21DA6CDB300B0A16A /* iTunesApplicationWrapper.m */,
				31DA65D31DA6CDB300B0A16A /* iTunesTrackWrapper.h */,
				31DA65D41DA6CDB300B0A16A /* iTunesTrackWrapper.m */,
			);
			path = iTunes;
			sourceTree = "<group>";
		};
/* End PBXGroup section */

/* Begin PBXNativeTarget section */
		315FD16B1C9F6153001BF6E2 /* PodcastChaptersTests */ = {
			isa = PBXNativeTarget;
			buildConfigurationList = 315FD1731C9F6153001BF6E2 /* Build configuration list for PBXNativeTarget "PodcastChaptersTests" */;
			buildPhases = (
				315FD1681C9F6153001BF6E2 /* Sources */,
				315FD1691C9F6153001BF6E2 /* Frameworks */,
				315FD16A1C9F6153001BF6E2 /* Resources */,
			);
			buildRules = (
			);
			dependencies = (
				315FD1721C9F6153001BF6E2 /* PBXTargetDependency */,
			);
			name = PodcastChaptersTests;
			productName = PodcastChaptersTests;
			productReference = 315FD16C1C9F6153001BF6E2 /* PodcastChaptersTests.xctest */;
			productType = "com.apple.product-type.bundle.unit-test";
		};
		31A468561C651F51004858F5 /* PodcastChapters */ = {
			isa = PBXNativeTarget;
			buildConfigurationList = 31A468641C651F51004858F5 /* Build configuration list for PBXNativeTarget "PodcastChapters" */;
			buildPhases = (
				31A468531C651F51004858F5 /* Sources */,
				31A468541C651F51004858F5 /* Frameworks */,
				31A468551C651F51004858F5 /* Resources */,
				31A4687E1C665418004858F5 /* Carthage Copy dSYM Files */,
				31A468861C665481004858F5 /* Embed Frameworks */,
			);
			buildRules = (
			);
			dependencies = (
			);
			name = PodcastChapters;
			productName = PodcastChapters;
			productReference = 31A468571C651F51004858F5 /* PodcastChapters.app */;
			productType = "com.apple.product-type.application";
		};
/* End PBXNativeTarget section */

/* Begin PBXProject section */
		31A4684F1C651F51004858F5 /* Project object */ = {
			isa = PBXProject;
			attributes = {
				LastSwiftUpdateCheck = 0720;
				LastUpgradeCheck = 0800;
				ORGANIZATIONNAME = "Szabolcs Toth";
				TargetAttributes = {
					315FD16B1C9F6153001BF6E2 = {
						CreatedOnToolsVersion = 7.2.1;
						LastSwiftMigration = 0800;
						TestTargetID = 31A468561C651F51004858F5;
					};
					31A468561C651F51004858F5 = {
						CreatedOnToolsVersion = 7.2.1;
						LastSwiftMigration = 0800;
					};
				};
			};
			buildConfigurationList = 31A468521C651F51004858F5 /* Build configuration list for PBXProject "PodcastChapters" */;
			compatibilityVersion = "Xcode 3.2";
			developmentRegion = English;
			hasScannedForEncodings = 0;
			knownRegions = (
				en,
				Base,
			);
			mainGroup = 31A4684E1C651F51004858F5;
			productRefGroup = 31A468581C651F51004858F5 /* Products */;
			projectDirPath = "";
			projectRoot = "";
			targets = (
				31A468561C651F51004858F5 /* PodcastChapters */,
				315FD16B1C9F6153001BF6E2 /* PodcastChaptersTests */,
			);
		};
/* End PBXProject section */

/* Begin PBXResourcesBuildPhase section */
		315FD16A1C9F6153001BF6E2 /* Resources */ = {
			isa = PBXResourcesBuildPhase;
			buildActionMask = 2147483647;
			files = (
			);
			runOnlyForDeploymentPostprocessing = 0;
		};
		31A468551C651F51004858F5 /* Resources */ = {
			isa = PBXResourcesBuildPhase;
			buildActionMask = 2147483647;
			files = (
				31A468981C6676D0004858F5 /* ChaptersViewController.xib in Resources */,
				31A4685D1C651F51004858F5 /* Assets.xcassets in Resources */,
				315D38461C7CDD660012CA1A /* OtherContentViewController.xib in Resources */,
				317A61E81C8E1BC9001695F0 /* ChapterCellView.xib in Resources */,
				317A61E61C8E1BC9001695F0 /* ChapterCell.xib in Resources */,
			);
			runOnlyForDeploymentPostprocessing = 0;
		};
/* End PBXResourcesBuildPhase section */

/* Begin PBXSourcesBuildPhase section */
		315FD1681C9F6153001BF6E2 /* Sources */ = {
			isa = PBXSourcesBuildPhase;
			buildActionMask = 2147483647;
			files = (
				315FD1901C9F61DF001BF6E2 /* ContentCoordinatorTests.swift in Sources */,
				315FD1981C9F6C6E001BF6E2 /* NSApplicationMock.swift in Sources */,
				315FD1911C9F61DF001BF6E2 /* PodcastMonitorMock.swift in Sources */,
				315FD19C1CA09034001BF6E2 /* ChaptersViewModelTests.swift in Sources */,
				315FD1941C9F6734001BF6E2 /* StatusBarCoordinatorTests.swift in Sources */,
				315FD1961C9F6BE8001BF6E2 /* StatusBarItemMock.swift in Sources */,
				315FD1921C9F61DF001BF6E2 /* PopoverMock.swift in Sources */,
			);
			runOnlyForDeploymentPostprocessing = 0;
		};
		31A468531C651F51004858F5 /* Sources */ = {
			isa = PBXSourcesBuildPhase;
			buildActionMask = 2147483647;
			files = (
				315D38271C77841D0012CA1A /* NSView+PCH.swift in Sources */,
				31DA65DD1DA6CDB300B0A16A /* PodcastMonitor.swift in Sources */,
				315E7E261C6D403F00C2A326 /* MNAVChapterReader.m in Sources */,
				31A468731C66455C004858F5 /* AppCoordinator.swift in Sources */,
				31DA65DA1DA6CDB300B0A16A /* iTunesApplicationWrapper.m in Sources */,
				31DA65C71DA305DF00B0A16A /* SBApplication+PCH.m in Sources */,
				315D382C1C78EFA90012CA1A /* NotificationCenter.swift in Sources */,
				312A10811C8B292400805059 /* CopyButton.swift in Sources */,
				315D38361C7918240012CA1A /* MultipleInstanceAlert.swift in Sources */,
				315D383C1C7A637C0012CA1A /* StatusItemView.swift in Sources */,
				313B65801D98368A002A90E7 /* ITLibrary+PCH.swift in Sources */,
				315E7E221C6D327500C2A326 /* NSNumber+PCH.swift in Sources */,
				315D383E1C7A69A80012CA1A /* RightClickMenu.swift in Sources */,
				315FD1A11CA09470001BF6E2 /* PasteBoardContentStripper.swift in Sources */,
				315D38481C7CDDF60012CA1A /* OtherContentViewModel.swift in Sources */,
				3141954F1C73DDB400268AFC /* CAMediaTimingFunction+PCH.swift in Sources */,
				315D38291C778DD60012CA1A /* NSCollectionViewItem+PCH.swift in Sources */,
				31DA65D91DA6CDB300B0A16A /* iTunes.swift in Sources */,
				31A4688C1C666C95004858F5 /* Bootstrapping.swift in Sources */,
				315FD1671C9F5991001BF6E2 /* main.swift in Sources */,
				31A468921C66769D004858F5 /* ContentCoordinator.swift in Sources */,
				315D383A1C791A5A0012CA1A /* NSRunningApplication+PCH.swift in Sources */,
				315D38301C7906A20012CA1A /* NSUserNotificationBuilder.swift in Sources */,
				31A468941C6676B7004858F5 /* ChaptersViewModel.swift in Sources */,
				315D38451C7CDD660012CA1A /* OtherContentViewController.swift in Sources */,
				3141954D1C73DB7300268AFC /* PopoverAnimator.swift in Sources */,
				314195471C73AF0C00268AFC /* Popover.swift in Sources */,
				31A4685B1C651F51004858F5 /* AppDelegate.swift in Sources */,
				314195491C73AF1500268AFC /* PopoverWindow.swift in Sources */,
				31A4689C1C67A47E004858F5 /* EventMonitor.swift in Sources */,
				31DA65DC1DA6CDB300B0A16A /* MediaLoader.swift in Sources */,
				313B65881D99A669002A90E7 /* ObservableType+PCH.swift in Sources */,
				317A61E71C8E1BC9001695F0 /* ChapterCellView.swift in Sources */,
				31DA65DB1DA6CDB300B0A16A /* iTunesTrackWrapper.m in Sources */,
				31A468901C667491004858F5 /* CrashReportBootstrapping.swift in Sources */,
				31A4688E1C666FC5004858F5 /* ApplicationBootstrapping.swift in Sources */,
				31A468791C6645FF004858F5 /* NSStatusItem+PCH.swift in Sources */,
				31A468971C6676D0004858F5 /* ChaptersViewController.swift in Sources */,
				31A4689E1C67A96E004858F5 /* StatusBarItem.swift in Sources */,
				315D38381C79194D0012CA1A /* NSBundle+PCH.swift in Sources */,
				312A107D1C862B6400805059 /* CollectionView.swift in Sources */,
				317A61DC1C8CC806001695F0 /* SharedSettings.swift in Sources */,
				312A107F1C864DEC00805059 /* LineView.swift in Sources */,
				31B2C7F81C95DEC200C874C7 /* NSTextField+PCH.m in Sources */,
				31DA65D71DA6CDB300B0A16A /* Chapter.swift in Sources */,
				31C430641C6A8101000E77BA /* Timer.swift in Sources */,
				315FD19A1CA08DA6001BF6E2 /* NSApplication+PCH.swift in Sources */,
				3141954B1C73AF3400268AFC /* PopoverBackgroundView.swift in Sources */,
				3176D4191C7D1A1200569BBF /* NSLayoutAnchor+PCH.swift in Sources */,
				315D38401C7A7C390012CA1A /* Notifications+PCH.swift in Sources */,
				315D38421C7BC3630012CA1A /* NSImage+PCH.swift in Sources */,
				3112B3411C7FA60600CE6438 /* FlowLayout.swift in Sources */,
				315D382E1C78EFBE0012CA1A /* Notification.swift in Sources */,
				317A61E51C8E1BC9001695F0 /* ChapterCell.swift in Sources */,
				314195531C766D5900268AFC /* ChapterSizeCalculator.swift in Sources */,
				31DA65D81DA6CDB300B0A16A /* ChapterLoader.swift in Sources */,
				31A468751C664568004858F5 /* StatusBarCoordinator.swift in Sources */,
				315FD1A01CA09470001BF6E2 /* PasteBoard.swift in Sources */,
				31C430661C6A9447000E77BA /* NSTimer+PCH.swift in Sources */,
				317A61DE1C8CCDCB001695F0 /* NSColor+PCH.swift in Sources */,
			);
			runOnlyForDeploymentPostprocessing = 0;
		};
/* End PBXSourcesBuildPhase section */

/* Begin PBXTargetDependency section */
		315FD1721C9F6153001BF6E2 /* PBXTargetDependency */ = {
			isa = PBXTargetDependency;
			target = 31A468561C651F51004858F5 /* PodcastChapters */;
			targetProxy = 315FD1711C9F6153001BF6E2 /* PBXContainerItemProxy */;
		};
/* End PBXTargetDependency section */

/* Begin XCBuildConfiguration section */
		315FD1741C9F6153001BF6E2 /* Debug */ = {
			isa = XCBuildConfiguration;
			buildSettings = {
				BUNDLE_LOADER = "$(TEST_HOST)";
				COMBINE_HIDPI_IMAGES = YES;
				FRAMEWORK_SEARCH_PATHS = (
					"$(inherited)",
					"$(PROJECT_DIR)/Carthage/Build/Mac",
				);
				INFOPLIST_FILE = PodcastChaptersTests/Info.plist;
				LD_RUNPATH_SEARCH_PATHS = "$(inherited) @executable_path/../Frameworks @loader_path/../Frameworks";
				PRODUCT_BUNDLE_IDENTIFIER = hu.iszabi.PodcastChaptersTests;
				PRODUCT_NAME = "$(TARGET_NAME)";
				SWIFT_OBJC_BRIDGING_HEADER = "PodcastChaptersTests/PodcastChaptersTests-Bridging-Header.h";
				SWIFT_VERSION = 3.0;
				TEST_HOST = "$(BUILT_PRODUCTS_DIR)/PodcastChapters.app/Contents/MacOS/PodcastChapters";
			};
			name = Debug;
		};
		315FD1751C9F6153001BF6E2 /* Release */ = {
			isa = XCBuildConfiguration;
			buildSettings = {
				BUNDLE_LOADER = "$(TEST_HOST)";
				COMBINE_HIDPI_IMAGES = YES;
				FRAMEWORK_SEARCH_PATHS = (
					"$(inherited)",
					"$(PROJECT_DIR)/Carthage/Build/Mac",
				);
				INFOPLIST_FILE = PodcastChaptersTests/Info.plist;
				LD_RUNPATH_SEARCH_PATHS = "$(inherited) @executable_path/../Frameworks @loader_path/../Frameworks";
				PRODUCT_BUNDLE_IDENTIFIER = hu.iszabi.PodcastChaptersTests;
				PRODUCT_NAME = "$(TARGET_NAME)";
				SWIFT_OBJC_BRIDGING_HEADER = "PodcastChaptersTests/PodcastChaptersTests-Bridging-Header.h";
				SWIFT_VERSION = 3.0;
				TEST_HOST = "$(BUILT_PRODUCTS_DIR)/PodcastChapters.app/Contents/MacOS/PodcastChapters";
			};
			name = Release;
		};
		31A468621C651F51004858F5 /* Debug */ = {
			isa = XCBuildConfiguration;
			buildSettings = {
				ALWAYS_SEARCH_USER_PATHS = NO;
				CLANG_CXX_LANGUAGE_STANDARD = "gnu++0x";
				CLANG_CXX_LIBRARY = "libc++";
				CLANG_ENABLE_MODULES = YES;
				CLANG_ENABLE_OBJC_ARC = YES;
				CLANG_WARN_BOOL_CONVERSION = YES;
				CLANG_WARN_CONSTANT_CONVERSION = YES;
				CLANG_WARN_DIRECT_OBJC_ISA_USAGE = YES_ERROR;
				CLANG_WARN_EMPTY_BODY = YES;
				CLANG_WARN_ENUM_CONVERSION = YES;
				CLANG_WARN_INFINITE_RECURSION = YES;
				CLANG_WARN_INT_CONVERSION = YES;
				CLANG_WARN_OBJC_ROOT_CLASS = YES_ERROR;
				CLANG_WARN_SUSPICIOUS_MOVE = YES;
				CLANG_WARN_UNREACHABLE_CODE = YES;
				CLANG_WARN__DUPLICATE_METHOD_MATCH = YES;
				CODE_SIGN_IDENTITY = "-";
				COPY_PHASE_STRIP = NO;
				DEBUG_INFORMATION_FORMAT = dwarf;
				ENABLE_STRICT_OBJC_MSGSEND = YES;
				ENABLE_TESTABILITY = YES;
				GCC_C_LANGUAGE_STANDARD = gnu99;
				GCC_DYNAMIC_NO_PIC = NO;
				GCC_NO_COMMON_BLOCKS = YES;
				GCC_OPTIMIZATION_LEVEL = 0;
				GCC_PREPROCESSOR_DEFINITIONS = (
					"DEBUG=1",
					"$(inherited)",
				);
				GCC_WARN_64_TO_32_BIT_CONVERSION = YES;
				GCC_WARN_ABOUT_RETURN_TYPE = YES_ERROR;
				GCC_WARN_UNDECLARED_SELECTOR = YES;
				GCC_WARN_UNINITIALIZED_AUTOS = YES_AGGRESSIVE;
				GCC_WARN_UNUSED_FUNCTION = YES;
				GCC_WARN_UNUSED_VARIABLE = YES;
				MACOSX_DEPLOYMENT_TARGET = 10.11;
				MTL_ENABLE_DEBUG_INFO = YES;
				ONLY_ACTIVE_ARCH = YES;
				SDKROOT = macosx;
				SWIFT_OPTIMIZATION_LEVEL = "-Onone";
			};
			name = Debug;
		};
		31A468631C651F51004858F5 /* Release */ = {
			isa = XCBuildConfiguration;
			buildSettings = {
				ALWAYS_SEARCH_USER_PATHS = NO;
				CLANG_CXX_LANGUAGE_STANDARD = "gnu++0x";
				CLANG_CXX_LIBRARY = "libc++";
				CLANG_ENABLE_MODULES = YES;
				CLANG_ENABLE_OBJC_ARC = YES;
				CLANG_WARN_BOOL_CONVERSION = YES;
				CLANG_WARN_CONSTANT_CONVERSION = YES;
				CLANG_WARN_DIRECT_OBJC_ISA_USAGE = YES_ERROR;
				CLANG_WARN_EMPTY_BODY = YES;
				CLANG_WARN_ENUM_CONVERSION = YES;
				CLANG_WARN_INFINITE_RECURSION = YES;
				CLANG_WARN_INT_CONVERSION = YES;
				CLANG_WARN_OBJC_ROOT_CLASS = YES_ERROR;
				CLANG_WARN_SUSPICIOUS_MOVE = YES;
				CLANG_WARN_UNREACHABLE_CODE = YES;
				CLANG_WARN__DUPLICATE_METHOD_MATCH = YES;
				CODE_SIGN_IDENTITY = "-";
				COPY_PHASE_STRIP = NO;
				DEBUG_INFORMATION_FORMAT = "dwarf-with-dsym";
				ENABLE_NS_ASSERTIONS = NO;
				ENABLE_STRICT_OBJC_MSGSEND = YES;
				GCC_C_LANGUAGE_STANDARD = gnu99;
				GCC_NO_COMMON_BLOCKS = YES;
				GCC_WARN_64_TO_32_BIT_CONVERSION = YES;
				GCC_WARN_ABOUT_RETURN_TYPE = YES_ERROR;
				GCC_WARN_UNDECLARED_SELECTOR = YES;
				GCC_WARN_UNINITIALIZED_AUTOS = YES_AGGRESSIVE;
				GCC_WARN_UNUSED_FUNCTION = YES;
				GCC_WARN_UNUSED_VARIABLE = YES;
				MACOSX_DEPLOYMENT_TARGET = 10.11;
				MTL_ENABLE_DEBUG_INFO = NO;
				SDKROOT = macosx;
				SWIFT_OPTIMIZATION_LEVEL = "-Owholemodule";
			};
			name = Release;
		};
		31A468651C651F51004858F5 /* Debug */ = {
			isa = XCBuildConfiguration;
			buildSettings = {
				ASSETCATALOG_COMPILER_APPICON_NAME = AppIcon;
				COMBINE_HIDPI_IMAGES = YES;
				FRAMEWORK_SEARCH_PATHS = (
					"$(inherited)",
					"$(PROJECT_DIR)/Carthage/Build/Mac",
					"$(LOCAL_LIBRARY_DIR)/Frameworks",
					/Library/Frameworks/iTunesLibrary.framework,
				);
				INFOPLIST_FILE = PodcastChapters/Info.plist;
				LD_RUNPATH_SEARCH_PATHS = "$(inherited) @executable_path/../Frameworks";
				PRODUCT_BUNDLE_IDENTIFIER = hu.iszabi.PodcastChapters;
				PRODUCT_NAME = "$(TARGET_NAME)";
				SWIFT_OBJC_BRIDGING_HEADER = "PodcastChapters/PodcastChapters-Bridging-Header.h";
				SWIFT_VERSION = 3.0;
			};
			name = Debug;
		};
		31A468661C651F51004858F5 /* Release */ = {
			isa = XCBuildConfiguration;
			buildSettings = {
				ASSETCATALOG_COMPILER_APPICON_NAME = AppIcon;
				COMBINE_HIDPI_IMAGES = YES;
				FRAMEWORK_SEARCH_PATHS = (
					"$(inherited)",
					"$(PROJECT_DIR)/Carthage/Build/Mac",
					"$(LOCAL_LIBRARY_DIR)/Frameworks",
					/Library/Frameworks/iTunesLibrary.framework,
				);
				INFOPLIST_FILE = PodcastChapters/Info.plist;
				LD_RUNPATH_SEARCH_PATHS = "$(inherited) @executable_path/../Frameworks";
				PRODUCT_BUNDLE_IDENTIFIER = hu.iszabi.PodcastChapters;
				PRODUCT_NAME = "$(TARGET_NAME)";
				SWIFT_OBJC_BRIDGING_HEADER = "PodcastChapters/PodcastChapters-Bridging-Header.h";
				SWIFT_VERSION = 3.0;
			};
			name = Release;
		};
/* End XCBuildConfiguration section */

/* Begin XCConfigurationList section */
		315FD1731C9F6153001BF6E2 /* Build configuration list for PBXNativeTarget "PodcastChaptersTests" */ = {
			isa = XCConfigurationList;
			buildConfigurations = (
				315FD1741C9F6153001BF6E2 /* Debug */,
				315FD1751C9F6153001BF6E2 /* Release */,
			);
			defaultConfigurationIsVisible = 0;
			defaultConfigurationName = Release;
		};
		31A468521C651F51004858F5 /* Build configuration list for PBXProject "PodcastChapters" */ = {
			isa = XCConfigurationList;
			buildConfigurations = (
				31A468621C651F51004858F5 /* Debug */,
				31A468631C651F51004858F5 /* Release */,
			);
			defaultConfigurationIsVisible = 0;
			defaultConfigurationName = Release;
		};
		31A468641C651F51004858F5 /* Build configuration list for PBXNativeTarget "PodcastChapters" */ = {
			isa = XCConfigurationList;
			buildConfigurations = (
				31A468651C651F51004858F5 /* Debug */,
				31A468661C651F51004858F5 /* Release */,
			);
			defaultConfigurationIsVisible = 0;
			defaultConfigurationName = Release;
		};
/* End XCConfigurationList section */
	};
	rootObject = 31A4684F1C651F51004858F5 /* Project object */;
}
